{
  "nodes": {
    "flake-compat": {
      "flake": false,
      "locked": {
        "lastModified": 1733328505,
        "narHash": "sha256-NeCCThCEP3eCl2l/+27kNNK7QrwZB1IJCrXfrbv5oqU=",
        "owner": "edolstra",
        "repo": "flake-compat",
        "rev": "ff81ac966bb2cae68946d5ed5fc4994f96d0ffec",
        "type": "github"
      },
      "original": {
        "owner": "edolstra",
        "repo": "flake-compat",
        "type": "github"
      }
    },
    "home-manager": {
      "inputs": {
        "nixpkgs": [
          "nixpkgs"
        ]
      },
      "locked": {
        "lastModified": 1742234739,
        "narHash": "sha256-zFL6zsf/5OztR1NSNQF33dvS1fL/BzVUjabZq4qrtY4=",
        "owner": "nix-community",
        "repo": "home-manager",
        "rev": "f6af7280a3390e65c2ad8fd059cdc303426cbd59",
        "type": "github"
      },
      "original": {
        "owner": "nix-community",
        "ref": "release-24.11",
        "repo": "home-manager",
        "type": "github"
      }
    },
    "nixCats": {
      "locked": {
        "lastModified": 1742667932,
        "narHash": "sha256-2ePWtyLqzrn1dMyxxm7MrpbmWNsFYp1GolJehaZh2K0=",
        "owner": "BirdeeHub",
        "repo": "nixCats-nvim",
        "rev": "2ae3e08fbda6e5c1099bc399f96be4138e433738",
        "type": "github"
      },
      "original": {
        "owner": "BirdeeHub",
        "repo": "nixCats-nvim",
        "type": "github"
      }
    },
    "nixos-wsl": {
      "inputs": {
        "flake-compat": "flake-compat",
        "nixpkgs": "nixpkgs"
      },
      "locked": {
        "lastModified": 1742481215,
        "narHash": "sha256-m7I/2UaGEFOI+Cy0RoADBi10NZt1WD5N3q2jUwPprE4=",
        "owner": "nix-community",
        "repo": "NixOS-WSL",
        "rev": "96d7df91cce0d7cd30d1958fe1aefcb5f9bfced7",
        "type": "github"
      },
      "original": {
        "owner": "nix-community",
        "ref": "main",
        "repo": "NixOS-WSL",
        "type": "github"
      }
    },
    "nixpkgs": {
      "locked": {
        "lastModified": 1740865531,
        "narHash": "sha256-h00vGIh/jxcGl8aWdfnVRD74KuLpyY3mZgMFMy7iKIc=",
        "owner": "NixOS",
        "repo": "nixpkgs",
        "rev": "5ef6c425980847c78a80d759abc476e941a9bf42",
        "type": "github"
      },
      "original": {
        "owner": "NixOS",
        "ref": "nixos-24.11",
        "repo": "nixpkgs",
        "type": "github"
      }
    },
    "nixpkgs_2": {
      "locked": {
        "lastModified": 1742422364,
        "narHash": "sha256-mNqIplmEohk5jRkqYqG19GA8MbQ/D4gQSK0Mu4LvfRQ=",
        "owner": "nixos",
        "repo": "nixpkgs",
        "rev": "a84ebe20c6bc2ecbcfb000a50776219f48d134cc",
        "type": "github"
      },
      "original": {
        "owner": "nixos",
        "ref": "nixos-unstable",
        "repo": "nixpkgs",
        "type": "github"
      }
    },
    "nixpkgs_3": {
      "locked": {
        "lastModified": 1742578646,
        "narHash": "sha256-GiQ40ndXRnmmbDZvuv762vS+gew1uDpFwOfgJ8tLiEs=",
        "owner": "nixos",
        "repo": "nixpkgs",
        "rev": "94c4dbe77c0740ebba36c173672ca15a7926c993",
        "type": "github"
      },
      "original": {
        "owner": "nixos",
        "ref": "nixpkgs-unstable",
        "repo": "nixpkgs",
        "type": "github"
      }
    },
    "nvim-nixcats": {
      "inputs": {
        "nixCats": "nixCats",
        "nixpkgs": "nixpkgs_3"
      },
      "locked": {
        "dir": "templates/example",
        "lastModified": 1742691776,
        "narHash": "sha256-IFiU8VYUPu7Zcyu/TpnIVwFMuXSMaDUQ8wF+h6XyU1A=",
        "owner": "BirdeeHub",
        "repo": "nixCats-nvim",
        "rev": "6309d22e072fac54ddc1faceedf9b4a2f534cb5b",
        "type": "github"
      },
      "original": {
        "dir": "templates/example",
        "owner": "BirdeeHub",
        "repo": "nixCats-nvim",
        "type": "github"
      }
    },
    "root": {
      "inputs": {
        "home-manager": "home-manager",
        "nixos-wsl": "nixos-wsl",
        "nixpkgs": "nixpkgs_2",
        "nvim-nixcats": "nvim-nixcats"
      }
    }
  },
  "root": "root",
  "version": 7
}
